
Microsoft Visual Studio Solution File, Format Version 12.00
# Visual Studio Version 17
VisualStudioVersion = 17.3.32901.215
MinimumVisualStudioVersion = 10.0.40219.1
Project("{FAE04EC0-301F-11D3-BF4B-00C04F79EFBC}") = "laboratory1_09_2022", "laboratory1_09_2022\laboratory1_09_2022.csproj", "{A2A385C2-AD00-4872-A91A-1B7C158445DD}"
EndProject
Global
	GlobalSection(SolutionConfigurationPlatforms) = preSolution
		Debug|Any CPU = Debug|Any CPU
		Release|Any CPU = Release|Any CPU
	EndGlobalSection
	GlobalSection(ProjectConfigurationPlatforms) = postSolution
		{A2A385C2-AD00-4872-A91A-1B7C158445DD}.Debug|Any CPU.ActiveCfg = Debug|Any CPU
		{A2A385C2-AD00-4872-A91A-1B7C158445DD}.Debug|Any CPU.Build.0 = Debug|Any CPU
		{A2A385C2-AD00-4872-A91A-1B7C158445DD}.Release|Any CPU.ActiveCfg = Release|Any CPU
		{A2A385C2-AD00-4872-A91A-1B7C158445DD}.Release|Any CPU.Build.0 = Release|Any CPU
	EndGlobalSection
	GlobalSection(SolutionProperties) = preSolution
		HideSolutionNode = FALSE
	EndGlobalSection
	GlobalSection(ExtensibilityGlobals) = postSolution
		SolutionGuid = {46D39160-5509-46EC-B173-102211665E94}
	EndGlobalSection
EndGlobal
